// !$*UTF8*$!
{
	archiveVersion = 1;
	classes = {
	};
	objectVersion = 60;
	objects = {

/* Begin PBXBuildFile section */
		100000000000000000000010 /* LegacyAppDelegate.swift in Sources */ = {isa = PBXBuildFile; fileRef = 100000000000000000000001 /* LegacyAppDelegate.swift */; };
		100000000000000000000011 /* LegacyRootViewController.swift in Sources */ = {isa = PBXBuildFile; fileRef = 100000000000000000000002 /* LegacyRootViewController.swift */; };
		100000000000000000000012 /* LaunchScreen.storyboard in Resources */ = {isa = PBXBuildFile; fileRef = 100000000000000000000003 /* LaunchScreen.storyboard */; };
		1000000000000000000000F1 /* Assets.xcassets in Resources */ = {isa = PBXBuildFile; fileRef = 1000000000000000000000F0 /* Assets.xcassets */; };
		100000000000000000000013 /* LegacySourceCatalog.swift in Sources */ = {isa = PBXBuildFile; fileRef = 100000000000000000000005 /* LegacySourceCatalog.swift */; };
		100000000000000000000014 /* AidokuRunnerLegacyModels.swift in Sources */ = {isa = PBXBuildFile; fileRef = 100000000000000000000006 /* AidokuRunnerLegacyModels.swift */; };
		100000000000000000000015 /* AidokuRunnerLegacy.swift in Sources */ = {isa = PBXBuildFile; fileRef = 100000000000000000000007 /* AidokuRunnerLegacy.swift */; };
		100000000000000000000016 /* AidokuRunnerLegacyPackageInstaller.swift in Sources */ = {isa = PBXBuildFile; fileRef = 100000000000000000000008 /* AidokuRunnerLegacyPackageInstaller.swift */; };
		100000000000000000000017 /* ZIPFoundation in Frameworks */ = {isa = PBXBuildFile; productRef = 1000000000000000000000A0 /* ZIPFoundation */; };
		100000000000000000000018 /* SwiftSoup in Frameworks */ = {isa = PBXBuildFile; productRef = 1000000000000000000000A2 /* SwiftSoup */; };
		100000000000000000000019 /* Wasm3Legacy in Frameworks */ = {isa = PBXBuildFile; productRef = 1000000000000000000000A4 /* Wasm3Legacy */; };
		10000000000000000000001B /* SDWebImage in Frameworks */ = {isa = PBXBuildFile; productRef = 1000000000000000000000B0 /* SDWebImage */; };
		10000000000000000000001C /* SDWebImageWebPCoder in Frameworks */ = {isa = PBXBuildFile; productRef = 1000000000000000000000B2 /* SDWebImageWebPCoder */; };
		10000000000000000000001D /* avif in Frameworks */ = {isa = PBXBuildFile; productRef = 1000000000000000000000B4 /* avif */; };
		100000000000000000000110 /* AidokuRunnerLegacyWasmRunner.swift in Sources */ = {isa = PBXBuildFile; fileRef = 100000000000000000000100 /* AidokuRunnerLegacyWasmRunner.swift */; };
		100000000000000000000111 /* LegacyAidokuRunnerModels.swift in Sources */ = {isa = PBXBuildFile; fileRef = 100000000000000000000101 /* LegacyAidokuRunnerModels.swift */; };
		100000000000000000000112 /* LegacyCoreImports.swift in Sources */ = {isa = PBXBuildFile; fileRef = 100000000000000000000102 /* LegacyCoreImports.swift */; };
		100000000000000000000113 /* LegacyEpochDate.swift in Sources */ = {isa = PBXBuildFile; fileRef = 100000000000000000000103 /* LegacyEpochDate.swift */; };
		100000000000000000000114 /* LegacyExcludedFromCoding.swift in Sources */ = {isa = PBXBuildFile; fileRef = 100000000000000000000104 /* LegacyExcludedFromCoding.swift */; };
		100000000000000000000115 /* LegacyHtml.swift in Sources */ = {isa = PBXBuildFile; fileRef = 100000000000000000000105 /* LegacyHtml.swift */; };
		100000000000000000000116 /* LegacyURLAsString.swift in Sources */ = {isa = PBXBuildFile; fileRef = 100000000000000000000106 /* LegacyURLAsString.swift */; };
		100000000000000000000117 /* LegacyWasmSupport.swift in Sources */ = {isa = PBXBuildFile; fileRef = 100000000000000000000107 /* LegacyWasmSupport.swift */; };
		100000000000000000000118 /* LegacyPostcardDecoder.swift in Sources */ = {isa = PBXBuildFile; fileRef = 100000000000000000000108 /* LegacyPostcardDecoder.swift */; };
		100000000000000000000119 /* LegacyPostcardEncoder.swift in Sources */ = {isa = PBXBuildFile; fileRef = 100000000000000000000109 /* LegacyPostcardEncoder.swift */; };
		10000000000000000000011A /* LegacyVarInt.swift in Sources */ = {isa = PBXBuildFile; fileRef = 10000000000000000000010A /* LegacyVarInt.swift */; };
		200000000000000000000101 /* LegacyTrackerModels.swift in Sources */ = {isa = PBXBuildFile; fileRef = 200000000000000000000001 /* LegacyTrackerModels.swift */; };
		200000000000000000000102 /* LegacyTrackerStore.swift in Sources */ = {isa = PBXBuildFile; fileRef = 200000000000000000000002 /* LegacyTrackerStore.swift */; };
		200000000000000000000103 /* LegacyAniListTracker.swift in Sources */ = {isa = PBXBuildFile; fileRef = 200000000000000000000003 /* LegacyAniListTracker.swift */; };
		200000000000000000000104 /* LegacyTrackerLoginViewController.swift in Sources */ = {isa = PBXBuildFile; fileRef = 200000000000000000000004 /* LegacyTrackerLoginViewController.swift */; };
		200000000000000000000105 /* LegacyTrackerManager.swift in Sources */ = {isa = PBXBuildFile; fileRef = 200000000000000000000005 /* LegacyTrackerManager.swift */; };
		200000000000000000000106 /* LegacyLocalFileModels.swift in Sources */ = {isa = PBXBuildFile; fileRef = 200000000000000000000006 /* LegacyLocalFileModels.swift */; };
		200000000000000000000107 /* LegacyLocalFileStore.swift in Sources */ = {isa = PBXBuildFile; fileRef = 200000000000000000000007 /* LegacyLocalFileStore.swift */; };
		200000000000000000000108 /* LegacyLocalFilePageProvider.swift in Sources */ = {isa = PBXBuildFile; fileRef = 200000000000000000000008 /* LegacyLocalFilePageProvider.swift */; };
		200000000000000000000109 /* LegacyLocalFilesViewController.swift in Sources */ = {isa = PBXBuildFile; fileRef = 200000000000000000000009 /* LegacyLocalFilesViewController.swift */; };
		20000000000000000000010A /* LegacyModernBackupModels.swift in Sources */ = {isa = PBXBuildFile; fileRef = 20000000000000000000000A /* LegacyModernBackupModels.swift */; };
		20000000000000000000010B /* LegacyModernBackupImporter.swift in Sources */ = {isa = PBXBuildFile; fileRef = 20000000000000000000000B /* LegacyModernBackupImporter.swift */; };
		20000000000000000000010C /* LegacyModernBackupExporter.swift in Sources */ = {isa = PBXBuildFile; fileRef = 20000000000000000000000C /* LegacyModernBackupExporter.swift */; };
		20000000000000000000010D /* LegacyLocalization.swift in Sources */ = {isa = PBXBuildFile; fileRef = 20000000000000000000000D /* LegacyLocalization.swift */; };
		20000000000000000000010E /* LegacyLocalFileRunner.swift in Sources */ = {isa = PBXBuildFile; fileRef = 20000000000000000000000F /* LegacyLocalFileRunner.swift */; };
		200000000000000000000220 /* LegacyKomgaModels.swift in Sources */ = {isa = PBXBuildFile; fileRef = 200000000000000000000020 /* LegacyKomgaModels.swift */; };
		200000000000000000000221 /* LegacyKomgaServerStore.swift in Sources */ = {isa = PBXBuildFile; fileRef = 200000000000000000000021 /* LegacyKomgaServerStore.swift */; };
		200000000000000000000222 /* LegacyKomgaClient.swift in Sources */ = {isa = PBXBuildFile; fileRef = 200000000000000000000022 /* LegacyKomgaClient.swift */; };
		200000000000000000000223 /* LegacyKomgaServerListViewController.swift in Sources */ = {isa = PBXBuildFile; fileRef = 200000000000000000000023 /* LegacyKomgaServerListViewController.swift */; };
		200000000000000000000224 /* LegacyKomgaRunner.swift in Sources */ = {isa = PBXBuildFile; fileRef = 200000000000000000000024 /* LegacyKomgaRunner.swift */; };
		200000000000000000000225 /* LegacyKomgaBrowseViewController.swift in Sources */ = {isa = PBXBuildFile; fileRef = 200000000000000000000025 /* LegacyKomgaBrowseViewController.swift */; };
		200000000000000000000226 /* LegacyMyAnimeListTracker.swift in Sources */ = {isa = PBXBuildFile; fileRef = 200000000000000000000026 /* LegacyMyAnimeListTracker.swift */; };
		200000000000000000000227 /* LegacyDeepLinkHandler.swift in Sources */ = {isa = PBXBuildFile; fileRef = 200000000000000000000027 /* LegacyDeepLinkHandler.swift */; };
		200000000000000000000228 /* LegacyUpdateNotificationManager.swift in Sources */ = {isa = PBXBuildFile; fileRef = 200000000000000000000028 /* LegacyUpdateNotificationManager.swift */; };
		200000000000000000000120 /* en.lproj in Resources */ = {isa = PBXBuildFile; fileRef = 20000000000000000000000E /* en.lproj */; };
		1000000000000000000000E0 /* LegacyTestSupport.swift in Sources */ = {isa = PBXBuildFile; fileRef = 1000000000000000000000D0 /* LegacyTestSupport.swift */; };
		1000000000000000000000E1 /* LegacySourceCatalogTests.swift in Sources */ = {isa = PBXBuildFile; fileRef = 1000000000000000000000D1 /* LegacySourceCatalogTests.swift */; };
		1000000000000000000000E2 /* LegacyPackageInstallerTests.swift in Sources */ = {isa = PBXBuildFile; fileRef = 1000000000000000000000D2 /* LegacyPackageInstallerTests.swift */; };
		1000000000000000000000E3 /* LegacyRunnerFacadeTests.swift in Sources */ = {isa = PBXBuildFile; fileRef = 1000000000000000000000D3 /* LegacyRunnerFacadeTests.swift */; };
		1000000000000000000000E4 /* LegacyDownloadTests.swift in Sources */ = {isa = PBXBuildFile; fileRef = 1000000000000000000000D4 /* LegacyDownloadTests.swift */; };
		1000000000000000000000E5 /* LegacyImageFallbackTests.swift in Sources */ = {isa = PBXBuildFile; fileRef = 1000000000000000000000D5 /* LegacyImageFallbackTests.swift */; };
		1000000000000000000000E6 /* LegacyBackupRestoreTests.swift in Sources */ = {isa = PBXBuildFile; fileRef = 1000000000000000000000D6 /* LegacyBackupRestoreTests.swift */; };
		1000000000000000000000E7 /* LegacyModelCodableTests.swift in Sources */ = {isa = PBXBuildFile; fileRef = 1000000000000000000000D7 /* LegacyModelCodableTests.swift */; };
		1000000000000000000000E8 /* ZIPFoundation in Frameworks */ = {isa = PBXBuildFile; productRef = 1000000000000000000000C0 /* ZIPFoundation */; };
/* End PBXBuildFile section */

/* Begin PBXFileReference section */
		100000000000000000000001 /* LegacyAppDelegate.swift */ = {isa = PBXFileReference; lastKnownFileType = sourcecode.swift; path = LegacyAppDelegate.swift; sourceTree = "<group>"; };
		100000000000000000000002 /* LegacyRootViewController.swift */ = {isa = PBXFileReference; lastKnownFileType = sourcecode.swift; path = LegacyRootViewController.swift; sourceTree = "<group>"; };
		100000000000000000000003 /* LaunchScreen.storyboard */ = {isa = PBXFileReference; lastKnownFileType = file.storyboard; path = LaunchScreen.storyboard; sourceTree = "<group>"; };
		1000000000000000000000F0 /* Assets.xcassets */ = {isa = PBXFileReference; lastKnownFileType = folder.assetcatalog; path = Assets.xcassets; sourceTree = "<group>"; };
		100000000000000000000004 /* AidokuLegacy.app */ = {isa = PBXFileReference; explicitFileType = wrapper.application; includeInIndex = 0; path = AidokuLegacy.app; sourceTree = BUILT_PRODUCTS_DIR; };
		100000000000000000000005 /* LegacySourceCatalog.swift */ = {isa = PBXFileReference; lastKnownFileType = sourcecode.swift; path = LegacySourceCatalog.swift; sourceTree = "<group>"; };
		100000000000000000000006 /* AidokuRunnerLegacyModels.swift */ = {isa = PBXFileReference; lastKnownFileType = sourcecode.swift; path = AidokuRunnerLegacyModels.swift; sourceTree = "<group>"; };
		100000000000000000000007 /* AidokuRunnerLegacy.swift */ = {isa = PBXFileReference; lastKnownFileType = sourcecode.swift; path = AidokuRunnerLegacy.swift; sourceTree = "<group>"; };
		100000000000000000000008 /* AidokuRunnerLegacyPackageInstaller.swift */ = {isa = PBXFileReference; lastKnownFileType = sourcecode.swift; path = AidokuRunnerLegacyPackageInstaller.swift; sourceTree = "<group>"; };
		100000000000000000000100 /* AidokuRunnerLegacyWasmRunner.swift */ = {isa = PBXFileReference; lastKnownFileType = sourcecode.swift; path = AidokuRunnerLegacyWasmRunner.swift; sourceTree = "<group>"; };
		100000000000000000000101 /* LegacyAidokuRunnerModels.swift */ = {isa = PBXFileReference; lastKnownFileType = sourcecode.swift; path = LegacyAidokuRunnerModels.swift; sourceTree = "<group>"; };
		100000000000000000000102 /* LegacyCoreImports.swift */ = {isa = PBXFileReference; lastKnownFileType = sourcecode.swift; path = LegacyCoreImports.swift; sourceTree = "<group>"; };
		100000000000000000000103 /* LegacyEpochDate.swift */ = {isa = PBXFileReference; lastKnownFileType = sourcecode.swift; path = LegacyEpochDate.swift; sourceTree = "<group>"; };
		100000000000000000000104 /* LegacyExcludedFromCoding.swift */ = {isa = PBXFileReference; lastKnownFileType = sourcecode.swift; path = LegacyExcludedFromCoding.swift; sourceTree = "<group>"; };
		100000000000000000000105 /* LegacyHtml.swift */ = {isa = PBXFileReference; lastKnownFileType = sourcecode.swift; path = LegacyHtml.swift; sourceTree = "<group>"; };
		100000000000000000000106 /* LegacyURLAsString.swift */ = {isa = PBXFileReference; lastKnownFileType = sourcecode.swift; path = LegacyURLAsString.swift; sourceTree = "<group>"; };
		100000000000000000000107 /* LegacyWasmSupport.swift */ = {isa = PBXFileReference; lastKnownFileType = sourcecode.swift; path = LegacyWasmSupport.swift; sourceTree = "<group>"; };
		100000000000000000000108 /* LegacyPostcardDecoder.swift */ = {isa = PBXFileReference; lastKnownFileType = sourcecode.swift; path = LegacyPostcardDecoder.swift; sourceTree = "<group>"; };
		100000000000000000000109 /* LegacyPostcardEncoder.swift */ = {isa = PBXFileReference; lastKnownFileType = sourcecode.swift; path = LegacyPostcardEncoder.swift; sourceTree = "<group>"; };
		10000000000000000000010A /* LegacyVarInt.swift */ = {isa = PBXFileReference; lastKnownFileType = sourcecode.swift; path = LegacyVarInt.swift; sourceTree = "<group>"; };
		200000000000000000000001 /* LegacyTrackerModels.swift */ = {isa = PBXFileReference; lastKnownFileType = sourcecode.swift; path = LegacyTrackerModels.swift; sourceTree = "<group>"; };
		200000000000000000000002 /* LegacyTrackerStore.swift */ = {isa = PBXFileReference; lastKnownFileType = sourcecode.swift; path = LegacyTrackerStore.swift; sourceTree = "<group>"; };
		200000000000000000000003 /* LegacyAniListTracker.swift */ = {isa = PBXFileReference; lastKnownFileType = sourcecode.swift; path = LegacyAniListTracker.swift; sourceTree = "<group>"; };
		200000000000000000000004 /* LegacyTrackerLoginViewController.swift */ = {isa = PBXFileReference; lastKnownFileType = sourcecode.swift; path = LegacyTrackerLoginViewController.swift; sourceTree = "<group>"; };
		200000000000000000000005 /* LegacyTrackerManager.swift */ = {isa = PBXFileReference; lastKnownFileType = sourcecode.swift; path = LegacyTrackerManager.swift; sourceTree = "<group>"; };
		200000000000000000000006 /* LegacyLocalFileModels.swift */ = {isa = PBXFileReference; lastKnownFileType = sourcecode.swift; path = LegacyLocalFileModels.swift; sourceTree = "<group>"; };
		200000000000000000000007 /* LegacyLocalFileStore.swift */ = {isa = PBXFileReference; lastKnownFileType = sourcecode.swift; path = LegacyLocalFileStore.swift; sourceTree = "<group>"; };
		200000000000000000000008 /* LegacyLocalFilePageProvider.swift */ = {isa = PBXFileReference; lastKnownFileType = sourcecode.swift; path = LegacyLocalFilePageProvider.swift; sourceTree = "<group>"; };
		200000000000000000000009 /* LegacyLocalFilesViewController.swift */ = {isa = PBXFileReference; lastKnownFileType = sourcecode.swift; path = LegacyLocalFilesViewController.swift; sourceTree = "<group>"; };
		20000000000000000000000A /* LegacyModernBackupModels.swift */ = {isa = PBXFileReference; lastKnownFileType = sourcecode.swift; path = LegacyModernBackupModels.swift; sourceTree = "<group>"; };
		20000000000000000000000B /* LegacyModernBackupImporter.swift */ = {isa = PBXFileReference; lastKnownFileType = sourcecode.swift; path = LegacyModernBackupImporter.swift; sourceTree = "<group>"; };
		20000000000000000000000C /* LegacyModernBackupExporter.swift */ = {isa = PBXFileReference; lastKnownFileType = sourcecode.swift; path = LegacyModernBackupExporter.swift; sourceTree = "<group>"; };
		20000000000000000000000D /* LegacyLocalization.swift */ = {isa = PBXFileReference; lastKnownFileType = sourcecode.swift; path = LegacyLocalization.swift; sourceTree = "<group>"; };
		20000000000000000000000F /* LegacyLocalFileRunner.swift */ = {isa = PBXFileReference; lastKnownFileType = sourcecode.swift; path = LegacyLocalFileRunner.swift; sourceTree = "<group>"; };
		200000000000000000000020 /* LegacyKomgaModels.swift */ = {isa = PBXFileReference; lastKnownFileType = sourcecode.swift; path = LegacyKomgaModels.swift; sourceTree = "<group>"; };
		200000000000000000000021 /* LegacyKomgaServerStore.swift */ = {isa = PBXFileReference; lastKnownFileType = sourcecode.swift; path = LegacyKomgaServerStore.swift; sourceTree = "<group>"; };
		200000000000000000000022 /* LegacyKomgaClient.swift */ = {isa = PBXFileReference; lastKnownFileType = sourcecode.swift; path = LegacyKomgaClient.swift; sourceTree = "<group>"; };
		200000000000000000000023 /* LegacyKomgaServerListViewController.swift */ = {isa = PBXFileReference; lastKnownFileType = sourcecode.swift; path = LegacyKomgaServerListViewController.swift; sourceTree = "<group>"; };
		200000000000000000000024 /* LegacyKomgaRunner.swift */ = {isa = PBXFileReference; lastKnownFileType = sourcecode.swift; path = LegacyKomgaRunner.swift; sourceTree = "<group>"; };
		200000000000000000000025 /* LegacyKomgaBrowseViewController.swift */ = {isa = PBXFileReference; lastKnownFileType = sourcecode.swift; path = LegacyKomgaBrowseViewController.swift; sourceTree = "<group>"; };
		200000000000000000000026 /* LegacyMyAnimeListTracker.swift */ = {isa = PBXFileReference; lastKnownFileType = sourcecode.swift; path = LegacyMyAnimeListTracker.swift; sourceTree = "<group>"; };
		200000000000000000000027 /* LegacyDeepLinkHandler.swift */ = {isa = PBXFileReference; lastKnownFileType = sourcecode.swift; path = LegacyDeepLinkHandler.swift; sourceTree = "<group>"; };
		200000000000000000000028 /* LegacyUpdateNotificationManager.swift */ = {isa = PBXFileReference; lastKnownFileType = sourcecode.swift; path = LegacyUpdateNotificationManager.swift; sourceTree = "<group>"; };
		20000000000000000000000E /* en.lproj */ = {isa = PBXFileReference; lastKnownFileType = folder; path = en.lproj; sourceTree = "<group>"; };
		1000000000000000000000DF /* AidokuLegacyTests.xctest */ = {isa = PBXFileReference; explicitFileType = wrapper.cfbundle; includeInIndex = 0; path = AidokuLegacyTests.xctest; sourceTree = BUILT_PRODUCTS_DIR; };
		1000000000000000000000D0 /* LegacyTestSupport.swift */ = {isa = PBXFileReference; lastKnownFileType = sourcecode.swift; path = LegacyTestSupport.swift; sourceTree = "<group>"; };
		1000000000000000000000D1 /* LegacySourceCatalogTests.swift */ = {isa = PBXFileReference; lastKnownFileType = sourcecode.swift; path = LegacySourceCatalogTests.swift; sourceTree = "<group>"; };
		1000000000000000000000D2 /* LegacyPackageInstallerTests.swift */ = {isa = PBXFileReference; lastKnownFileType = sourcecode.swift; path = LegacyPackageInstallerTests.swift; sourceTree = "<group>"; };
		1000000000000000000000D3 /* LegacyRunnerFacadeTests.swift */ = {isa = PBXFileReference; lastKnownFileType = sourcecode.swift; path = LegacyRunnerFacadeTests.swift; sourceTree = "<group>"; };
		1000000000000000000000D4 /* LegacyDownloadTests.swift */ = {isa = PBXFileReference; lastKnownFileType = sourcecode.swift; path = LegacyDownloadTests.swift; sourceTree = "<group>"; };
		1000000000000000000000D5 /* LegacyImageFallbackTests.swift */ = {isa = PBXFileReference; lastKnownFileType = sourcecode.swift; path = LegacyImageFallbackTests.swift; sourceTree = "<group>"; };
		1000000000000000000000D6 /* LegacyBackupRestoreTests.swift */ = {isa = PBXFileReference; lastKnownFileType = sourcecode.swift; path = LegacyBackupRestoreTests.swift; sourceTree = "<group>"; };
		1000000000000000000000D7 /* LegacyModelCodableTests.swift */ = {isa = PBXFileReference; lastKnownFileType = sourcecode.swift; path = LegacyModelCodableTests.swift; sourceTree = "<group>"; };
/* End PBXFileReference section */

/* Begin PBXFrameworksBuildPhase section */
		100000000000000000000020 /* Frameworks */ = {
			isa = PBXFrameworksBuildPhase;
			buildActionMask = 2147483647;
			files = (
				100000000000000000000017 /* ZIPFoundation in Frameworks */,
				100000000000000000000018 /* SwiftSoup in Frameworks */,
				100000000000000000000019 /* Wasm3Legacy in Frameworks */,
				10000000000000000000001B /* SDWebImage in Frameworks */,
				10000000000000000000001C /* SDWebImageWebPCoder in Frameworks */,
				10000000000000000000001D /* avif in Frameworks */,
			);
			runOnlyForDeploymentPostprocessing = 0;
		};
		100000000000000000000024 /* Frameworks */ = {
			isa = PBXFrameworksBuildPhase;
			buildActionMask = 2147483647;
			files = (
				1000000000000000000000E8 /* ZIPFoundation in Frameworks */,
			);
			runOnlyForDeploymentPostprocessing = 0;
		};
/* End PBXFrameworksBuildPhase section */

/* Begin PBXGroup section */
		100000000000000000000030 = {
			isa = PBXGroup;
			children = (
				100000000000000000000040 /* AidokuLegacy */,
				1000000000000000000000F0 /* Tests */,
				100000000000000000000041 /* Products */,
			);
			sourceTree = "<group>";
		};
		1000000000000000000000F0 /* Tests */ = {
			isa = PBXGroup;
			children = (
				1000000000000000000000D0 /* LegacyTestSupport.swift */,
				1000000000000000000000D1 /* LegacySourceCatalogTests.swift */,
				1000000000000000000000D2 /* LegacyPackageInstallerTests.swift */,
				1000000000000000000000D3 /* LegacyRunnerFacadeTests.swift */,
				1000000000000000000000D4 /* LegacyDownloadTests.swift */,
				1000000000000000000000D5 /* LegacyImageFallbackTests.swift */,
				1000000000000000000000D6 /* LegacyBackupRestoreTests.swift */,
				1000000000000000000000D7 /* LegacyModelCodableTests.swift */,
			);
			path = Tests;
			sourceTree = "<group>";
		};
		100000000000000000000040 /* AidokuLegacy */ = {
			isa = PBXGroup;
			children = (
				100000000000000000000001 /* LegacyAppDelegate.swift */,
				100000000000000000000002 /* LegacyRootViewController.swift */,
				100000000000000000000005 /* LegacySourceCatalog.swift */,
				100000000000000000000006 /* AidokuRunnerLegacyModels.swift */,
				100000000000000000000007 /* AidokuRunnerLegacy.swift */,
				100000000000000000000008 /* AidokuRunnerLegacyPackageInstaller.swift */,
				100000000000000000000042 /* RunnerPort */,
				200000000000000000000200 /* Features */,
				100000000000000000000003 /* LaunchScreen.storyboard */,
				1000000000000000000000F0 /* Assets.xcassets */,
			);
			name = AidokuLegacy;
			sourceTree = "<group>";
		};
		200000000000000000000200 /* Features */ = {
			isa = PBXGroup;
			children = (
				200000000000000000000201 /* Tracker */,
				200000000000000000000202 /* LocalFiles */,
				200000000000000000000203 /* ModernBackup */,
				200000000000000000000204 /* Localization */,
				200000000000000000000205 /* SelfHosted */,
				200000000000000000000206 /* DeepLinks */,
				200000000000000000000207 /* Notifications */,
			);
			path = Features;
			sourceTree = "<group>";
		};
		200000000000000000000201 /* Tracker */ = {
			isa = PBXGroup;
			children = (
				200000000000000000000001 /* LegacyTrackerModels.swift */,
				200000000000000000000002 /* LegacyTrackerStore.swift */,
				200000000000000000000003 /* LegacyAniListTracker.swift */,
				200000000000000000000026 /* LegacyMyAnimeListTracker.swift */,
				200000000000000000000004 /* LegacyTrackerLoginViewController.swift */,
				200000000000000000000005 /* LegacyTrackerManager.swift */,
			);
			path = Tracker;
			sourceTree = "<group>";
		};
		200000000000000000000205 /* SelfHosted */ = {
			isa = PBXGroup;
			children = (
				200000000000000000000020 /* LegacyKomgaModels.swift */,
				200000000000000000000021 /* LegacyKomgaServerStore.swift */,
				200000000000000000000022 /* LegacyKomgaClient.swift */,
				200000000000000000000023 /* LegacyKomgaServerListViewController.swift */,
				200000000000000000000024 /* LegacyKomgaRunner.swift */,
				200000000000000000000025 /* LegacyKomgaBrowseViewController.swift */,
			);
			path = SelfHosted;
			sourceTree = "<group>";
		};
		200000000000000000000206 /* DeepLinks */ = {
			isa = PBXGroup;
			children = (
				200000000000000000000027 /* LegacyDeepLinkHandler.swift */,
			);
			path = DeepLinks;
			sourceTree = "<group>";
		};
		200000000000000000000207 /* Notifications */ = {
			isa = PBXGroup;
			children = (
				200000000000000000000028 /* LegacyUpdateNotificationManager.swift */,
			);
			path = Notifications;
			sourceTree = "<group>";
		};
		200000000000000000000202 /* LocalFiles */ = {
			isa = PBXGroup;
			children = (
				200000000000000000000006 /* LegacyLocalFileModels.swift */,
				200000000000000000000007 /* LegacyLocalFileStore.swift */,
				200000000000000000000008 /* LegacyLocalFilePageProvider.swift */,
				200000000000000000000009 /* LegacyLocalFilesViewController.swift */,
				20000000000000000000000F /* LegacyLocalFileRunner.swift */,
			);
			path = LocalFiles;
			sourceTree = "<group>";
		};
		200000000000000000000203 /* ModernBackup */ = {
			isa = PBXGroup;
			children = (
				20000000000000000000000A /* LegacyModernBackupModels.swift */,
				20000000000000000000000B /* LegacyModernBackupImporter.swift */,
				20000000000000000000000C /* LegacyModernBackupExporter.swift */,
			);
			path = ModernBackup;
			sourceTree = "<group>";
		};
		200000000000000000000204 /* Localization */ = {
			isa = PBXGroup;
			children = (
				20000000000000000000000D /* LegacyLocalization.swift */,
				20000000000000000000000E /* en.lproj */,
			);
			path = Localization;
			sourceTree = "<group>";
		};
		100000000000000000000042 /* RunnerPort */ = {
			isa = PBXGroup;
			children = (
				100000000000000000000100 /* AidokuRunnerLegacyWasmRunner.swift */,
				100000000000000000000101 /* LegacyAidokuRunnerModels.swift */,
				100000000000000000000102 /* LegacyCoreImports.swift */,
				100000000000000000000103 /* LegacyEpochDate.swift */,
				100000000000000000000104 /* LegacyExcludedFromCoding.swift */,
				100000000000000000000105 /* LegacyHtml.swift */,
				100000000000000000000106 /* LegacyURLAsString.swift */,
				100000000000000000000107 /* LegacyWasmSupport.swift */,
				100000000000000000000043 /* Postcard */,
			);
			path = RunnerPort;
			sourceTree = "<group>";
		};
		100000000000000000000043 /* Postcard */ = {
			isa = PBXGroup;
			children = (
				100000000000000000000108 /* LegacyPostcardDecoder.swift */,
				100000000000000000000109 /* LegacyPostcardEncoder.swift */,
				10000000000000000000010A /* LegacyVarInt.swift */,
			);
			path = Postcard;
			sourceTree = "<group>";
		};
		100000000000000000000041 /* Products */ = {
			isa = PBXGroup;
			children = (
				100000000000000000000004 /* AidokuLegacy.app */,
				1000000000000000000000DF /* AidokuLegacyTests.xctest */,
			);
			name = Products;
			sourceTree = "<group>";
		};
/* End PBXGroup section */

/* Begin PBXNativeTarget section */
		100000000000000000000050 /* AidokuLegacy (iOS 12) */ = {
			isa = PBXNativeTarget;
			buildConfigurationList = 100000000000000000000090 /* Build configuration list for PBXNativeTarget "AidokuLegacy (iOS 12)" */;
			buildPhases = (
				100000000000000000000021 /* Sources */,
				100000000000000000000020 /* Frameworks */,
				100000000000000000000022 /* Resources */,
			);
			buildRules = (
			);
			dependencies = (
			);
			name = "AidokuLegacy (iOS 12)";
			packageProductDependencies = (
				1000000000000000000000A0 /* ZIPFoundation */,
				1000000000000000000000A2 /* SwiftSoup */,
				1000000000000000000000A4 /* Wasm3Legacy */,
				1000000000000000000000B0 /* SDWebImage */,
				1000000000000000000000B2 /* SDWebImageWebPCoder */,
				1000000000000000000000B4 /* avif */,
			);
			productName = AidokuLegacy;
			productReference = 100000000000000000000004 /* AidokuLegacy.app */;
			productType = "com.apple.product-type.application";
		};
		100000000000000000000052 /* AidokuLegacyTests */ = {
			isa = PBXNativeTarget;
			buildConfigurationList = 100000000000000000000092 /* Build configuration list for PBXNativeTarget "AidokuLegacyTests" */;
			buildPhases = (
				100000000000000000000023 /* Sources */,
				100000000000000000000024 /* Frameworks */,
			);
			buildRules = (
			);
			dependencies = (
				1000000000000000000000F1 /* PBXTargetDependency */,
			);
			name = AidokuLegacyTests;
			packageProductDependencies = (
				1000000000000000000000C0 /* ZIPFoundation */,
			);
			productName = AidokuLegacyTests;
			productReference = 1000000000000000000000DF /* AidokuLegacyTests.xctest */;
			productType = "com.apple.product-type.bundle.unit-test";
		};
/* End PBXNativeTarget section */

/* Begin PBXProject section */
		100000000000000000000060 /* Project object */ = {
			isa = PBXProject;
			attributes = {
				BuildIndependentTargetsInParallel = YES;
				LastSwiftUpdateCheck = 1540;
				LastUpgradeCheck = 1540;
				TargetAttributes = {
					100000000000000000000050 = {
						CreatedOnToolsVersion = 15.4;
						LastSwiftMigration = 1540;
					};
					100000000000000000000052 = {
						CreatedOnToolsVersion = 15.4;
						TestTargetID = 100000000000000000000050;
					};
				};
			};
			buildConfigurationList = 100000000000000000000091 /* Build configuration list for PBXProject "AidokuLegacy" */;
			compatibilityVersion = "Xcode 14.0";
			developmentRegion = en;
			hasScannedForEncodings = 0;
			knownRegions = (
				en,
				Base,
			);
			mainGroup = 100000000000000000000030;
			packageReferences = (
				1000000000000000000000A1 /* XCRemoteSwiftPackageReference "ZIPFoundation" */,
				1000000000000000000000A3 /* XCRemoteSwiftPackageReference "SwiftSoup" */,
				1000000000000000000000A5 /* XCLocalSwiftPackageReference "Wasm3Legacy" */,
				1000000000000000000000B1 /* XCRemoteSwiftPackageReference "SDWebImage" */,
				1000000000000000000000B3 /* XCRemoteSwiftPackageReference "SDWebImageWebPCoder" */,
				1000000000000000000000B5 /* XCLocalSwiftPackageReference "AVIFLegacy" */,
			);
			productRefGroup = 100000000000000000000041 /* Products */;
			projectDirPath = "";
			projectRoot = "";
			targets = (
				100000000000000000000050 /* AidokuLegacy (iOS 12) */,
				100000000000000000000052 /* AidokuLegacyTests */,
			);
		};
/* End PBXProject section */

/* Begin PBXResourcesBuildPhase section */
		100000000000000000000022 /* Resources */ = {
			isa = PBXResourcesBuildPhase;
			buildActionMask = 2147483647;
			files = (
				100000000000000000000012 /* LaunchScreen.storyboard in Resources */,
				1000000000000000000000F1 /* Assets.xcassets in Resources */,
				200000000000000000000120 /* en.lproj in Resources */,
			);
			runOnlyForDeploymentPostprocessing = 0;
		};
/* End PBXResourcesBuildPhase section */

/* Begin PBXSourcesBuildPhase section */
		100000000000000000000021 /* Sources */ = {
			isa = PBXSourcesBuildPhase;
			buildActionMask = 2147483647;
			files = (
				100000000000000000000010 /* LegacyAppDelegate.swift in Sources */,
				100000000000000000000011 /* LegacyRootViewController.swift in Sources */,
				100000000000000000000013 /* LegacySourceCatalog.swift in Sources */,
				100000000000000000000014 /* AidokuRunnerLegacyModels.swift in Sources */,
				100000000000000000000015 /* AidokuRunnerLegacy.swift in Sources */,
				100000000000000000000016 /* AidokuRunnerLegacyPackageInstaller.swift in Sources */,
				100000000000000000000110 /* AidokuRunnerLegacyWasmRunner.swift in Sources */,
				100000000000000000000111 /* LegacyAidokuRunnerModels.swift in Sources */,
				100000000000000000000112 /* LegacyCoreImports.swift in Sources */,
				100000000000000000000113 /* LegacyEpochDate.swift in Sources */,
				100000000000000000000114 /* LegacyExcludedFromCoding.swift in Sources */,
				100000000000000000000115 /* LegacyHtml.swift in Sources */,
				100000000000000000000116 /* LegacyURLAsString.swift in Sources */,
				100000000000000000000117 /* LegacyWasmSupport.swift in Sources */,
				100000000000000000000118 /* LegacyPostcardDecoder.swift in Sources */,
				100000000000000000000119 /* LegacyPostcardEncoder.swift in Sources */,
				10000000000000000000011A /* LegacyVarInt.swift in Sources */,
				200000000000000000000101 /* LegacyTrackerModels.swift in Sources */,
				200000000000000000000102 /* LegacyTrackerStore.swift in Sources */,
				200000000000000000000103 /* LegacyAniListTracker.swift in Sources */,
				200000000000000000000104 /* LegacyTrackerLoginViewController.swift in Sources */,
				200000000000000000000105 /* LegacyTrackerManager.swift in Sources */,
				200000000000000000000106 /* LegacyLocalFileModels.swift in Sources */,
				200000000000000000000107 /* LegacyLocalFileStore.swift in Sources */,
				200000000000000000000108 /* LegacyLocalFilePageProvider.swift in Sources */,
				200000000000000000000109 /* LegacyLocalFilesViewController.swift in Sources */,
				20000000000000000000010A /* LegacyModernBackupModels.swift in Sources */,
				20000000000000000000010B /* LegacyModernBackupImporter.swift in Sources */,
				20000000000000000000010C /* LegacyModernBackupExporter.swift in Sources */,
				20000000000000000000010D /* LegacyLocalization.swift in Sources */,
				20000000000000000000010E /* LegacyLocalFileRunner.swift in Sources */,
				200000000000000000000220 /* LegacyKomgaModels.swift in Sources */,
				200000000000000000000221 /* LegacyKomgaServerStore.swift in Sources */,
				200000000000000000000222 /* LegacyKomgaClient.swift in Sources */,
				200000000000000000000223 /* LegacyKomgaServerListViewController.swift in Sources */,
				200000000000000000000224 /* LegacyKomgaRunner.swift in Sources */,
				200000000000000000000225 /* LegacyKomgaBrowseViewController.swift in Sources */,
				200000000000000000000226 /* LegacyMyAnimeListTracker.swift in Sources */,
				200000000000000000000227 /* LegacyDeepLinkHandler.swift in Sources */,
				200000000000000000000228 /* LegacyUpdateNotificationManager.swift in Sources */,
			);
			runOnlyForDeploymentPostprocessing = 0;
		};
		100000000000000000000023 /* Sources */ = {
			isa = PBXSourcesBuildPhase;
			buildActionMask = 2147483647;
			files = (
				1000000000000000000000E0 /* LegacyTestSupport.swift in Sources */,
				1000000000000000000000E1 /* LegacySourceCatalogTests.swift in Sources */,
				1000000000000000000000E2 /* LegacyPackageInstallerTests.swift in Sources */,
				1000000000000000000000E3 /* LegacyRunnerFacadeTests.swift in Sources */,
				1000000000000000000000E4 /* LegacyDownloadTests.swift in Sources */,
				1000000000000000000000E5 /* LegacyImageFallbackTests.swift in Sources */,
				1000000000000000000000E6 /* LegacyBackupRestoreTests.swift in Sources */,
				1000000000000000000000E7 /* LegacyModelCodableTests.swift in Sources */,
			);
			runOnlyForDeploymentPostprocessing = 0;
		};
/* End PBXSourcesBuildPhase section */

/* Begin PBXTargetDependency section */
		1000000000000000000000F1 /* PBXTargetDependency */ = {
			isa = PBXTargetDependency;
			target = 100000000000000000000050 /* AidokuLegacy (iOS 12) */;
			targetProxy = 1000000000000000000000F2 /* PBXContainerItemProxy */;
		};
/* End PBXTargetDependency section */

/* Begin PBXContainerItemProxy section */
		1000000000000000000000F2 /* PBXContainerItemProxy */ = {
			isa = PBXContainerItemProxy;
			containerPortal = 100000000000000000000060 /* Project object */;
			proxyType = 1;
			remoteGlobalIDString = 100000000000000000000050;
			remoteInfo = "AidokuLegacy (iOS 12)";
		};
/* End PBXContainerItemProxy section */

/* Begin XCBuildConfiguration section */
		100000000000000000000070 /* Debug */ = {
			isa = XCBuildConfiguration;
			buildSettings = {
				ALWAYS_SEARCH_USER_PATHS = NO;
				CLANG_ENABLE_MODULES = YES;
				ENABLE_STRICT_OBJC_MSGSEND = YES;
				GCC_C_LANGUAGE_STANDARD = gnu17;
				GCC_NO_COMMON_BLOCKS = YES;
				GCC_OPTIMIZATION_LEVEL = 0;
				ONLY_ACTIVE_ARCH = YES;
				SWIFT_ACTIVE_COMPILATION_CONDITIONS = DEBUG;
			};
			name = Debug;
		};
		100000000000000000000071 /* Release */ = {
			isa = XCBuildConfiguration;
			buildSettings = {
				ALWAYS_SEARCH_USER_PATHS = NO;
				CLANG_ENABLE_MODULES = YES;
				ENABLE_STRICT_OBJC_MSGSEND = YES;
				GCC_C_LANGUAGE_STANDARD = gnu17;
				GCC_NO_COMMON_BLOCKS = YES;
				VALIDATE_PRODUCT = YES;
			};
			name = Release;
		};
		100000000000000000000080 /* Debug */ = {
			isa = XCBuildConfiguration;
			buildSettings = {
				CODE_SIGN_STYLE = Automatic;
				CURRENT_PROJECT_VERSION = 1;
				DEVELOPMENT_TEAM = "";
				ENABLE_TESTABILITY = YES;
				GENERATE_INFOPLIST_FILE = YES;
				INFOPLIST_KEY_CFBundleDisplayName = "Aidoku Legacy";
				INFOPLIST_KEY_ITSAppUsesNonExemptEncryption = NO;
				INFOPLIST_KEY_LSRequiresIPhoneOS = YES;
				INFOPLIST_KEY_NSPhotoLibraryAddUsageDescription = "Aidoku Legacy downloads manga page images to your photo library.";
				INFOPLIST_KEY_NSPhotoLibraryUsageDescription = "Aidoku Legacy downloads manga page images to your photo library.";
				INFOPLIST_KEY_UILaunchStoryboardName = LaunchScreen;
				INFOPLIST_KEY_UISupportedInterfaceOrientations = "UIInterfaceOrientationPortrait UIInterfaceOrientationLandscapeLeft UIInterfaceOrientationLandscapeRight";
				INFOPLIST_KEY_UISupportedInterfaceOrientations_iPad = "UIInterfaceOrientationPortrait UIInterfaceOrientationPortraitUpsideDown UIInterfaceOrientationLandscapeLeft UIInterfaceOrientationLandscapeRight";
				IPHONEOS_DEPLOYMENT_TARGET = 12.0;
				LD_RUNPATH_SEARCH_PATHS = (
					"$(inherited)",
					"@executable_path/Frameworks",
				);
				MARKETING_VERSION = 0.1;
				PRODUCT_BUNDLE_IDENTIFIER = app.aidoku.AidokuLegacy;
				PRODUCT_BUNDLE_PACKAGE_TYPE = APPL;
				PRODUCT_NAME = AidokuLegacy;
				SDKROOT = iphoneos;
				SUPPORTED_PLATFORMS = "iphoneos iphonesimulator";
				SWIFT_COMPILATION_MODE = wholemodule;
				SWIFT_OPTIMIZATION_LEVEL = "-Onone";
				SWIFT_VERSION = 5.0;
				TARGETED_DEVICE_FAMILY = "1,2";
			};
			name = Debug;
		};
		100000000000000000000081 /* Release */ = {
			isa = XCBuildConfiguration;
			buildSettings = {
				CODE_SIGN_STYLE = Automatic;
				CURRENT_PROJECT_VERSION = 1;
				DEVELOPMENT_TEAM = "";
				GENERATE_INFOPLIST_FILE = YES;
				INFOPLIST_KEY_CFBundleDisplayName = "Aidoku Legacy";
				INFOPLIST_KEY_ITSAppUsesNonExemptEncryption = NO;
				INFOPLIST_KEY_LSRequiresIPhoneOS = YES;
				INFOPLIST_KEY_NSPhotoLibraryAddUsageDescription = "Aidoku Legacy downloads manga page images to your photo library.";
				INFOPLIST_KEY_NSPhotoLibraryUsageDescription = "Aidoku Legacy downloads manga page images to your photo library.";
				INFOPLIST_KEY_UILaunchStoryboardName = LaunchScreen;
				INFOPLIST_KEY_UISupportedInterfaceOrientations = "UIInterfaceOrientationPortrait UIInterfaceOrientationLandscapeLeft UIInterfaceOrientationLandscapeRight";
				INFOPLIST_KEY_UISupportedInterfaceOrientations_iPad = "UIInterfaceOrientationPortrait UIInterfaceOrientationPortraitUpsideDown UIInterfaceOrientationLandscapeLeft UIInterfaceOrientationLandscapeRight";
				IPHONEOS_DEPLOYMENT_TARGET = 12.0;
				LD_RUNPATH_SEARCH_PATHS = (
					"$(inherited)",
					"@executable_path/Frameworks",
				);
				MARKETING_VERSION = 0.1;
				PRODUCT_BUNDLE_IDENTIFIER = app.aidoku.AidokuLegacy;
				PRODUCT_BUNDLE_PACKAGE_TYPE = APPL;
				PRODUCT_NAME = AidokuLegacy;
				SDKROOT = iphoneos;
				SUPPORTED_PLATFORMS = "iphoneos iphonesimulator";
				SWIFT_COMPILATION_MODE = wholemodule;
				SWIFT_VERSION = 5.0;
				TARGETED_DEVICE_FAMILY = "1,2";
			};
			name = Release;
		};
		100000000000000000000082 /* Debug */ = {
			isa = XCBuildConfiguration;
			buildSettings = {
				ALWAYS_EMBED_SWIFT_STANDARD_LIBRARIES = NO;
				BUNDLE_LOADER = "$(TEST_HOST)";
				CODE_SIGN_STYLE = Automatic;
				CURRENT_PROJECT_VERSION = 1;
				GENERATE_INFOPLIST_FILE = YES;
				IPHONEOS_DEPLOYMENT_TARGET = 12.0;
				LD_RUNPATH_SEARCH_PATHS = (
					"$(inherited)",
					"@executable_path/Frameworks",
					"@loader_path/Frameworks",
				);
				MARKETING_VERSION = 0.1;
				PRODUCT_BUNDLE_IDENTIFIER = app.aidoku.AidokuLegacyTests;
				PRODUCT_NAME = "$(TARGET_NAME)";
				SDKROOT = iphoneos;
				SUPPORTED_PLATFORMS = "iphoneos iphonesimulator";
				SWIFT_OPTIMIZATION_LEVEL = "-Onone";
				SWIFT_VERSION = 5.0;
				TARGETED_DEVICE_FAMILY = "1,2";
				TEST_HOST = "$(BUILT_PRODUCTS_DIR)/AidokuLegacy.app/AidokuLegacy";
			};
			name = Debug;
		};
		100000000000000000000083 /* Release */ = {
			isa = XCBuildConfiguration;
			buildSettings = {
				ALWAYS_EMBED_SWIFT_STANDARD_LIBRARIES = NO;
				BUNDLE_LOADER = "$(TEST_HOST)";
				CODE_SIGN_STYLE = Automatic;
				CURRENT_PROJECT_VERSION = 1;
				GENERATE_INFOPLIST_FILE = YES;
				IPHONEOS_DEPLOYMENT_TARGET = 12.0;
				LD_RUNPATH_SEARCH_PATHS = (
					"$(inherited)",
					"@executable_path/Frameworks",
					"@loader_path/Frameworks",
				);
				MARKETING_VERSION = 0.1;
				PRODUCT_BUNDLE_IDENTIFIER = app.aidoku.AidokuLegacyTests;
				PRODUCT_NAME = "$(TARGET_NAME)";
				SDKROOT = iphoneos;
				SUPPORTED_PLATFORMS = "iphoneos iphonesimulator";
				SWIFT_VERSION = 5.0;
				TARGETED_DEVICE_FAMILY = "1,2";
				TEST_HOST = "$(BUILT_PRODUCTS_DIR)/AidokuLegacy.app/AidokuLegacy";
			};
			name = Release;
		};
/* End XCBuildConfiguration section */

/* Begin XCConfigurationList section */
		100000000000000000000090 /* Build configuration list for PBXNativeTarget "AidokuLegacy (iOS 12)" */ = {
			isa = XCConfigurationList;
			buildConfigurations = (
				100000000000000000000080 /* Debug */,
				100000000000000000000081 /* Release */,
			);
			defaultConfigurationIsVisible = 0;
			defaultConfigurationName = Release;
		};
		100000000000000000000092 /* Build configuration list for PBXNativeTarget "AidokuLegacyTests" */ = {
			isa = XCConfigurationList;
			buildConfigurations = (
				100000000000000000000082 /* Debug */,
				100000000000000000000083 /* Release */,
			);
			defaultConfigurationIsVisible = 0;
			defaultConfigurationName = Release;
		};
		100000000000000000000091 /* Build configuration list for PBXProject "AidokuLegacy" */ = {
			isa = XCConfigurationList;
			buildConfigurations = (
				100000000000000000000070 /* Debug */,
				100000000000000000000071 /* Release */,
			);
			defaultConfigurationIsVisible = 0;
			defaultConfigurationName = Release;
		};
/* End XCConfigurationList section */

/* Begin XCLocalSwiftPackageReference section */
		1000000000000000000000A5 /* XCLocalSwiftPackageReference "Wasm3Legacy" */ = {
			isa = XCLocalSwiftPackageReference;
			relativePath = Packages/Wasm3Legacy;
		};
		1000000000000000000000B5 /* XCLocalSwiftPackageReference "AVIFLegacy" */ = {
			isa = XCLocalSwiftPackageReference;
			relativePath = Packages/AVIFLegacy;
		};
/* End XCLocalSwiftPackageReference section */

/* Begin XCRemoteSwiftPackageReference section */
		1000000000000000000000A1 /* XCRemoteSwiftPackageReference "ZIPFoundation" */ = {
			isa = XCRemoteSwiftPackageReference;
			repositoryURL = "https://github.com/weichsel/ZIPFoundation.git";
			requirement = {
				kind = exactVersion;
				version = 0.9.19;
			};
		};
		1000000000000000000000A3 /* XCRemoteSwiftPackageReference "SwiftSoup" */ = {
			isa = XCRemoteSwiftPackageReference;
			repositoryURL = "https://github.com/scinfu/SwiftSoup";
			requirement = {
				kind = exactVersion;
				version = 2.6.1;
			};
		};
		1000000000000000000000B1 /* XCRemoteSwiftPackageReference "SDWebImage" */ = {
			isa = XCRemoteSwiftPackageReference;
			repositoryURL = "https://github.com/SDWebImage/SDWebImage.git";
			requirement = {
				kind = exactVersion;
				version = 5.21.7;
			};
		};
		1000000000000000000000B3 /* XCRemoteSwiftPackageReference "SDWebImageWebPCoder" */ = {
			isa = XCRemoteSwiftPackageReference;
			repositoryURL = "https://github.com/SDWebImage/SDWebImageWebPCoder.git";
			requirement = {
				kind = exactVersion;
				version = 0.15.0;
			};
		};
/* End XCRemoteSwiftPackageReference section */

/* Begin XCSwiftPackageProductDependency section */
		1000000000000000000000A0 /* ZIPFoundation */ = {
			isa = XCSwiftPackageProductDependency;
			package = 1000000000000000000000A1 /* XCRemoteSwiftPackageReference "ZIPFoundation" */;
			productName = ZIPFoundation;
		};
		1000000000000000000000A2 /* SwiftSoup */ = {
			isa = XCSwiftPackageProductDependency;
			package = 1000000000000000000000A3 /* XCRemoteSwiftPackageReference "SwiftSoup" */;
			productName = SwiftSoup;
		};
		1000000000000000000000A4 /* Wasm3Legacy */ = {
			isa = XCSwiftPackageProductDependency;
			package = 1000000000000000000000A5 /* XCLocalSwiftPackageReference "Wasm3Legacy" */;
			productName = Wasm3Legacy;
		};
		1000000000000000000000B0 /* SDWebImage */ = {
			isa = XCSwiftPackageProductDependency;
			package = 1000000000000000000000B1 /* XCRemoteSwiftPackageReference "SDWebImage" */;
			productName = SDWebImage;
		};
		1000000000000000000000B2 /* SDWebImageWebPCoder */ = {
			isa = XCSwiftPackageProductDependency;
			package = 1000000000000000000000B3 /* XCRemoteSwiftPackageReference "SDWebImageWebPCoder" */;
			productName = SDWebImageWebPCoder;
		};
		1000000000000000000000B4 /* avif */ = {
			isa = XCSwiftPackageProductDependency;
			package = 1000000000000000000000B5 /* XCLocalSwiftPackageReference "AVIFLegacy" */;
			productName = avif;
		};
		1000000000000000000000C0 /* ZIPFoundation */ = {
			isa = XCSwiftPackageProductDependency;
			package = 1000000000000000000000A1 /* XCRemoteSwiftPackageReference "ZIPFoundation" */;
			productName = ZIPFoundation;
		};
/* End XCSwiftPackageProductDependency section */
	};
	rootObject = 100000000000000000000060 /* Project object */;
}
