// !$*UTF8*$!
{
	archiveVersion = 1;
	classes = {
	};
	objectVersion = 60;
	objects = {

/* Begin PBXBuildFile section */
		100000000000000000000010 /* LegacyAppDelegate.swift in Sources */ = {isa = PBXBuildFile; fileRef = 100000000000000000000001 /* LegacyAppDelegate.swift */; };
		100000000000000000000011 /* LegacyRootViewController.swift in Sources */ = {isa = PBXBuildFile; fileRef = 100000000000000000000002 /* LegacyRootViewController.swift */; };
		100000000000000000000012 /* LaunchScreen.storyboard in Resources */ = {isa = PBXBuildFile; fileRef = 100000000000000000000003 /* LaunchScreen.storyboard */; };
		100000000000000000000013 /* LegacySourceCatalog.swift in Sources */ = {isa = PBXBuildFile; fileRef = 100000000000000000000005 /* LegacySourceCatalog.swift */; };
		100000000000000000000014 /* AidokuRunnerLegacyModels.swift in Sources */ = {isa = PBXBuildFile; fileRef = 100000000000000000000006 /* AidokuRunnerLegacyModels.swift */; };
		100000000000000000000015 /* AidokuRunnerLegacy.swift in Sources */ = {isa = PBXBuildFile; fileRef = 100000000000000000000007 /* AidokuRunnerLegacy.swift */; };
		100000000000000000000016 /* AidokuRunnerLegacyPackageInstaller.swift in Sources */ = {isa = PBXBuildFile; fileRef = 100000000000000000000008 /* AidokuRunnerLegacyPackageInstaller.swift */; };
		100000000000000000000017 /* ZIPFoundation in Frameworks */ = {isa = PBXBuildFile; productRef = 1000000000000000000000A0 /* ZIPFoundation */; };
		100000000000000000000018 /* SwiftSoup in Frameworks */ = {isa = PBXBuildFile; productRef = 1000000000000000000000A2 /* SwiftSoup */; };
		100000000000000000000019 /* Wasm3Legacy in Frameworks */ = {isa = PBXBuildFile; productRef = 1000000000000000000000A4 /* Wasm3Legacy */; };
		10000000000000000000001B /* SDWebImage in Frameworks */ = {isa = PBXBuildFile; productRef = 1000000000000000000000B0 /* SDWebImage */; };
		10000000000000000000001C /* SDWebImageWebPCoder in Frameworks */ = {isa = PBXBuildFile; productRef = 1000000000000000000000B2 /* SDWebImageWebPCoder */; };
		10000000000000000000001D /* avif in Frameworks */ = {isa = PBXBuildFile; productRef = 1000000000000000000000B4 /* avif */; };
		100000000000000000000110 /* AidokuRunnerLegacyWasmRunner.swift in Sources */ = {isa = PBXBuildFile; fileRef = 100000000000000000000100 /* AidokuRunnerLegacyWasmRunner.swift */; };
		100000000000000000000111 /* LegacyAidokuRunnerModels.swift in Sources */ = {isa = PBXBuildFile; fileRef = 100000000000000000000101 /* LegacyAidokuRunnerModels.swift */; };
		100000000000000000000112 /* LegacyCoreImports.swift in Sources */ = {isa = PBXBuildFile; fileRef = 100000000000000000000102 /* LegacyCoreImports.swift */; };
		100000000000000000000113 /* LegacyEpochDate.swift in Sources */ = {isa = PBXBuildFile; fileRef = 100000000000000000000103 /* LegacyEpochDate.swift */; };
		100000000000000000000114 /* LegacyExcludedFromCoding.swift in Sources */ = {isa = PBXBuildFile; fileRef = 100000000000000000000104 /* LegacyExcludedFromCoding.swift */; };
		100000000000000000000115 /* LegacyHtml.swift in Sources */ = {isa = PBXBuildFile; fileRef = 100000000000000000000105 /* LegacyHtml.swift */; };
		100000000000000000000116 /* LegacyURLAsString.swift in Sources */ = {isa = PBXBuildFile; fileRef = 100000000000000000000106 /* LegacyURLAsString.swift */; };
		100000000000000000000117 /* LegacyWasmSupport.swift in Sources */ = {isa = PBXBuildFile; fileRef = 100000000000000000000107 /* LegacyWasmSupport.swift */; };
		100000000000000000000118 /* LegacyPostcardDecoder.swift in Sources */ = {isa = PBXBuildFile; fileRef = 100000000000000000000108 /* LegacyPostcardDecoder.swift */; };
		100000000000000000000119 /* LegacyPostcardEncoder.swift in Sources */ = {isa = PBXBuildFile; fileRef = 100000000000000000000109 /* LegacyPostcardEncoder.swift */; };
		10000000000000000000011A /* LegacyVarInt.swift in Sources */ = {isa = PBXBuildFile; fileRef = 10000000000000000000010A /* LegacyVarInt.swift */; };
/* End PBXBuildFile section */

/* Begin PBXFileReference section */
		100000000000000000000001 /* LegacyAppDelegate.swift */ = {isa = PBXFileReference; lastKnownFileType = sourcecode.swift; path = LegacyAppDelegate.swift; sourceTree = "<group>"; };
		100000000000000000000002 /* LegacyRootViewController.swift */ = {isa = PBXFileReference; lastKnownFileType = sourcecode.swift; path = LegacyRootViewController.swift; sourceTree = "<group>"; };
		100000000000000000000003 /* LaunchScreen.storyboard */ = {isa = PBXFileReference; lastKnownFileType = file.storyboard; path = LaunchScreen.storyboard; sourceTree = "<group>"; };
		100000000000000000000004 /* AidokuLegacy.app */ = {isa = PBXFileReference; explicitFileType = wrapper.application; includeInIndex = 0; path = AidokuLegacy.app; sourceTree = BUILT_PRODUCTS_DIR; };
		100000000000000000000005 /* LegacySourceCatalog.swift */ = {isa = PBXFileReference; lastKnownFileType = sourcecode.swift; path = LegacySourceCatalog.swift; sourceTree = "<group>"; };
		100000000000000000000006 /* AidokuRunnerLegacyModels.swift */ = {isa = PBXFileReference; lastKnownFileType = sourcecode.swift; path = AidokuRunnerLegacyModels.swift; sourceTree = "<group>"; };
		100000000000000000000007 /* AidokuRunnerLegacy.swift */ = {isa = PBXFileReference; lastKnownFileType = sourcecode.swift; path = AidokuRunnerLegacy.swift; sourceTree = "<group>"; };
		100000000000000000000008 /* AidokuRunnerLegacyPackageInstaller.swift */ = {isa = PBXFileReference; lastKnownFileType = sourcecode.swift; path = AidokuRunnerLegacyPackageInstaller.swift; sourceTree = "<group>"; };
		100000000000000000000100 /* AidokuRunnerLegacyWasmRunner.swift */ = {isa = PBXFileReference; lastKnownFileType = sourcecode.swift; path = AidokuRunnerLegacyWasmRunner.swift; sourceTree = "<group>"; };
		100000000000000000000101 /* LegacyAidokuRunnerModels.swift */ = {isa = PBXFileReference; lastKnownFileType = sourcecode.swift; path = LegacyAidokuRunnerModels.swift; sourceTree = "<group>"; };
		100000000000000000000102 /* LegacyCoreImports.swift */ = {isa = PBXFileReference; lastKnownFileType = sourcecode.swift; path = LegacyCoreImports.swift; sourceTree = "<group>"; };
		100000000000000000000103 /* LegacyEpochDate.swift */ = {isa = PBXFileReference; lastKnownFileType = sourcecode.swift; path = LegacyEpochDate.swift; sourceTree = "<group>"; };
		100000000000000000000104 /* LegacyExcludedFromCoding.swift */ = {isa = PBXFileReference; lastKnownFileType = sourcecode.swift; path = LegacyExcludedFromCoding.swift; sourceTree = "<group>"; };
		100000000000000000000105 /* LegacyHtml.swift */ = {isa = PBXFileReference; lastKnownFileType = sourcecode.swift; path = LegacyHtml.swift; sourceTree = "<group>"; };
		100000000000000000000106 /* LegacyURLAsString.swift */ = {isa = PBXFileReference; lastKnownFileType = sourcecode.swift; path = LegacyURLAsString.swift; sourceTree = "<group>"; };
		100000000000000000000107 /* LegacyWasmSupport.swift */ = {isa = PBXFileReference; lastKnownFileType = sourcecode.swift; path = LegacyWasmSupport.swift; sourceTree = "<group>"; };
		100000000000000000000108 /* LegacyPostcardDecoder.swift */ = {isa = PBXFileReference; lastKnownFileType = sourcecode.swift; path = LegacyPostcardDecoder.swift; sourceTree = "<group>"; };
		100000000000000000000109 /* LegacyPostcardEncoder.swift */ = {isa = PBXFileReference; lastKnownFileType = sourcecode.swift; path = LegacyPostcardEncoder.swift; sourceTree = "<group>"; };
		10000000000000000000010A /* LegacyVarInt.swift */ = {isa = PBXFileReference; lastKnownFileType = sourcecode.swift; path = LegacyVarInt.swift; sourceTree = "<group>"; };
/* End PBXFileReference section */

/* Begin PBXFrameworksBuildPhase section */
		100000000000000000000020 /* Frameworks */ = {
			isa = PBXFrameworksBuildPhase;
			buildActionMask = 2147483647;
			files = (
				100000000000000000000017 /* ZIPFoundation in Frameworks */,
				100000000000000000000018 /* SwiftSoup in Frameworks */,
				100000000000000000000019 /* Wasm3Legacy in Frameworks */,
				10000000000000000000001B /* SDWebImage in Frameworks */,
				10000000000000000000001C /* SDWebImageWebPCoder in Frameworks */,
				10000000000000000000001D /* avif in Frameworks */,
			);
			runOnlyForDeploymentPostprocessing = 0;
		};
/* End PBXFrameworksBuildPhase section */

/* Begin PBXGroup section */
		100000000000000000000030 = {
			isa = PBXGroup;
			children = (
				100000000000000000000040 /* AidokuLegacy */,
				100000000000000000000041 /* Products */,
			);
			sourceTree = "<group>";
		};
		100000000000000000000040 /* AidokuLegacy */ = {
			isa = PBXGroup;
			children = (
				100000000000000000000001 /* LegacyAppDelegate.swift */,
				100000000000000000000002 /* LegacyRootViewController.swift */,
				100000000000000000000005 /* LegacySourceCatalog.swift */,
				100000000000000000000006 /* AidokuRunnerLegacyModels.swift */,
				100000000000000000000007 /* AidokuRunnerLegacy.swift */,
				100000000000000000000008 /* AidokuRunnerLegacyPackageInstaller.swift */,
				100000000000000000000042 /* RunnerPort */,
				100000000000000000000003 /* LaunchScreen.storyboard */,
			);
			name = AidokuLegacy;
			sourceTree = "<group>";
		};
		100000000000000000000042 /* RunnerPort */ = {
			isa = PBXGroup;
			children = (
				100000000000000000000100 /* AidokuRunnerLegacyWasmRunner.swift */,
				100000000000000000000101 /* LegacyAidokuRunnerModels.swift */,
				100000000000000000000102 /* LegacyCoreImports.swift */,
				100000000000000000000103 /* LegacyEpochDate.swift */,
				100000000000000000000104 /* LegacyExcludedFromCoding.swift */,
				100000000000000000000105 /* LegacyHtml.swift */,
				100000000000000000000106 /* LegacyURLAsString.swift */,
				100000000000000000000107 /* LegacyWasmSupport.swift */,
				100000000000000000000043 /* Postcard */,
			);
			path = RunnerPort;
			sourceTree = "<group>";
		};
		100000000000000000000043 /* Postcard */ = {
			isa = PBXGroup;
			children = (
				100000000000000000000108 /* LegacyPostcardDecoder.swift */,
				100000000000000000000109 /* LegacyPostcardEncoder.swift */,
				10000000000000000000010A /* LegacyVarInt.swift */,
			);
			path = Postcard;
			sourceTree = "<group>";
		};
		100000000000000000000041 /* Products */ = {
			isa = PBXGroup;
			children = (
				100000000000000000000004 /* AidokuLegacy.app */,
			);
			name = Products;
			sourceTree = "<group>";
		};
/* End PBXGroup section */

/* Begin PBXNativeTarget section */
		100000000000000000000050 /* AidokuLegacy (iOS 12) */ = {
			isa = PBXNativeTarget;
			buildConfigurationList = 100000000000000000000090 /* Build configuration list for PBXNativeTarget "AidokuLegacy (iOS 12)" */;
			buildPhases = (
				100000000000000000000021 /* Sources */,
				100000000000000000000020 /* Frameworks */,
				100000000000000000000022 /* Resources */,
			);
			buildRules = (
			);
			dependencies = (
			);
			name = "AidokuLegacy (iOS 12)";
			packageProductDependencies = (
				1000000000000000000000A0 /* ZIPFoundation */,
				1000000000000000000000A2 /* SwiftSoup */,
				1000000000000000000000A4 /* Wasm3Legacy */,
				1000000000000000000000B0 /* SDWebImage */,
				1000000000000000000000B2 /* SDWebImageWebPCoder */,
				1000000000000000000000B4 /* avif */,
			);
			productName = AidokuLegacy;
			productReference = 100000000000000000000004 /* AidokuLegacy.app */;
			productType = "com.apple.product-type.application";
		};
/* End PBXNativeTarget section */

/* Begin PBXProject section */
		100000000000000000000060 /* Project object */ = {
			isa = PBXProject;
			attributes = {
				BuildIndependentTargetsInParallel = YES;
				LastSwiftUpdateCheck = 1540;
				LastUpgradeCheck = 1540;
				TargetAttributes = {
					100000000000000000000050 = {
						CreatedOnToolsVersion = 15.4;
						LastSwiftMigration = 1540;
					};
				};
			};
			buildConfigurationList = 100000000000000000000091 /* Build configuration list for PBXProject "AidokuLegacy" */;
			compatibilityVersion = "Xcode 14.0";
			developmentRegion = en;
			hasScannedForEncodings = 0;
			knownRegions = (
				en,
				Base,
			);
			mainGroup = 100000000000000000000030;
			packageReferences = (
				1000000000000000000000A1 /* XCRemoteSwiftPackageReference "ZIPFoundation" */,
				1000000000000000000000A3 /* XCRemoteSwiftPackageReference "SwiftSoup" */,
				1000000000000000000000A5 /* XCLocalSwiftPackageReference "Wasm3Legacy" */,
				1000000000000000000000B1 /* XCRemoteSwiftPackageReference "SDWebImage" */,
				1000000000000000000000B3 /* XCRemoteSwiftPackageReference "SDWebImageWebPCoder" */,
				1000000000000000000000B5 /* XCRemoteSwiftPackageReference "avif.swift" */,
			);
			productRefGroup = 100000000000000000000041 /* Products */;
			projectDirPath = "";
			projectRoot = "";
			targets = (
				100000000000000000000050 /* AidokuLegacy (iOS 12) */,
			);
		};
/* End PBXProject section */

/* Begin PBXResourcesBuildPhase section */
		100000000000000000000022 /* Resources */ = {
			isa = PBXResourcesBuildPhase;
			buildActionMask = 2147483647;
			files = (
				100000000000000000000012 /* LaunchScreen.storyboard in Resources */,
			);
			runOnlyForDeploymentPostprocessing = 0;
		};
/* End PBXResourcesBuildPhase section */

/* Begin PBXSourcesBuildPhase section */
		100000000000000000000021 /* Sources */ = {
			isa = PBXSourcesBuildPhase;
			buildActionMask = 2147483647;
			files = (
				100000000000000000000010 /* LegacyAppDelegate.swift in Sources */,
				100000000000000000000011 /* LegacyRootViewController.swift in Sources */,
				100000000000000000000013 /* LegacySourceCatalog.swift in Sources */,
				100000000000000000000014 /* AidokuRunnerLegacyModels.swift in Sources */,
				100000000000000000000015 /* AidokuRunnerLegacy.swift in Sources */,
				100000000000000000000016 /* AidokuRunnerLegacyPackageInstaller.swift in Sources */,
				100000000000000000000110 /* AidokuRunnerLegacyWasmRunner.swift in Sources */,
				100000000000000000000111 /* LegacyAidokuRunnerModels.swift in Sources */,
				100000000000000000000112 /* LegacyCoreImports.swift in Sources */,
				100000000000000000000113 /* LegacyEpochDate.swift in Sources */,
				100000000000000000000114 /* LegacyExcludedFromCoding.swift in Sources */,
				100000000000000000000115 /* LegacyHtml.swift in Sources */,
				100000000000000000000116 /* LegacyURLAsString.swift in Sources */,
				100000000000000000000117 /* LegacyWasmSupport.swift in Sources */,
				100000000000000000000118 /* LegacyPostcardDecoder.swift in Sources */,
				100000000000000000000119 /* LegacyPostcardEncoder.swift in Sources */,
				10000000000000000000011A /* LegacyVarInt.swift in Sources */,
			);
			runOnlyForDeploymentPostprocessing = 0;
		};
/* End PBXSourcesBuildPhase section */

/* Begin XCBuildConfiguration section */
		100000000000000000000070 /* Debug */ = {
			isa = XCBuildConfiguration;
			buildSettings = {
				ALWAYS_SEARCH_USER_PATHS = NO;
				CLANG_ENABLE_MODULES = YES;
				ENABLE_STRICT_OBJC_MSGSEND = YES;
				GCC_C_LANGUAGE_STANDARD = gnu17;
				GCC_NO_COMMON_BLOCKS = YES;
				GCC_OPTIMIZATION_LEVEL = 0;
				ONLY_ACTIVE_ARCH = YES;
				SWIFT_ACTIVE_COMPILATION_CONDITIONS = DEBUG;
			};
			name = Debug;
		};
		100000000000000000000071 /* Release */ = {
			isa = XCBuildConfiguration;
			buildSettings = {
				ALWAYS_SEARCH_USER_PATHS = NO;
				CLANG_ENABLE_MODULES = YES;
				ENABLE_STRICT_OBJC_MSGSEND = YES;
				GCC_C_LANGUAGE_STANDARD = gnu17;
				GCC_NO_COMMON_BLOCKS = YES;
				VALIDATE_PRODUCT = YES;
			};
			name = Release;
		};
		100000000000000000000080 /* Debug */ = {
			isa = XCBuildConfiguration;
			buildSettings = {
				CODE_SIGN_STYLE = Automatic;
				CURRENT_PROJECT_VERSION = 1;
				DEVELOPMENT_TEAM = "";
				GENERATE_INFOPLIST_FILE = YES;
				INFOPLIST_KEY_CFBundleDisplayName = "Aidoku Legacy";
				INFOPLIST_KEY_ITSAppUsesNonExemptEncryption = NO;
				INFOPLIST_KEY_LSRequiresIPhoneOS = YES;
				INFOPLIST_KEY_UILaunchStoryboardName = LaunchScreen;
				INFOPLIST_KEY_UISupportedInterfaceOrientations = "UIInterfaceOrientationPortrait UIInterfaceOrientationLandscapeLeft UIInterfaceOrientationLandscapeRight";
				INFOPLIST_KEY_UISupportedInterfaceOrientations_iPad = "UIInterfaceOrientationPortrait UIInterfaceOrientationPortraitUpsideDown UIInterfaceOrientationLandscapeLeft UIInterfaceOrientationLandscapeRight";
				IPHONEOS_DEPLOYMENT_TARGET = 12.0;
				LD_RUNPATH_SEARCH_PATHS = (
					"$(inherited)",
					"@executable_path/Frameworks",
				);
				MARKETING_VERSION = 0.1;
				PRODUCT_BUNDLE_IDENTIFIER = app.aidoku.AidokuLegacy;
				PRODUCT_BUNDLE_PACKAGE_TYPE = APPL;
				PRODUCT_NAME = AidokuLegacy;
				SDKROOT = iphoneos;
				SUPPORTED_PLATFORMS = "iphoneos iphonesimulator";
				SWIFT_COMPILATION_MODE = wholemodule;
				SWIFT_OPTIMIZATION_LEVEL = "-Onone";
				SWIFT_VERSION = 5.0;
				TARGETED_DEVICE_FAMILY = "1,2";
			};
			name = Debug;
		};
		100000000000000000000081 /* Release */ = {
			isa = XCBuildConfiguration;
			buildSettings = {
				CODE_SIGN_STYLE = Automatic;
				CURRENT_PROJECT_VERSION = 1;
				DEVELOPMENT_TEAM = "";
				GENERATE_INFOPLIST_FILE = YES;
				INFOPLIST_KEY_CFBundleDisplayName = "Aidoku Legacy";
				INFOPLIST_KEY_ITSAppUsesNonExemptEncryption = NO;
				INFOPLIST_KEY_LSRequiresIPhoneOS = YES;
				INFOPLIST_KEY_UILaunchStoryboardName = LaunchScreen;
				INFOPLIST_KEY_UISupportedInterfaceOrientations = "UIInterfaceOrientationPortrait UIInterfaceOrientationLandscapeLeft UIInterfaceOrientationLandscapeRight";
				INFOPLIST_KEY_UISupportedInterfaceOrientations_iPad = "UIInterfaceOrientationPortrait UIInterfaceOrientationPortraitUpsideDown UIInterfaceOrientationLandscapeLeft UIInterfaceOrientationLandscapeRight";
				IPHONEOS_DEPLOYMENT_TARGET = 12.0;
				LD_RUNPATH_SEARCH_PATHS = (
					"$(inherited)",
					"@executable_path/Frameworks",
				);
				MARKETING_VERSION = 0.1;
				PRODUCT_BUNDLE_IDENTIFIER = app.aidoku.AidokuLegacy;
				PRODUCT_BUNDLE_PACKAGE_TYPE = APPL;
				PRODUCT_NAME = AidokuLegacy;
				SDKROOT = iphoneos;
				SUPPORTED_PLATFORMS = "iphoneos iphonesimulator";
				SWIFT_COMPILATION_MODE = wholemodule;
				SWIFT_VERSION = 5.0;
				TARGETED_DEVICE_FAMILY = "1,2";
			};
			name = Release;
		};
/* End XCBuildConfiguration section */

/* Begin XCConfigurationList section */
		100000000000000000000090 /* Build configuration list for PBXNativeTarget "AidokuLegacy (iOS 12)" */ = {
			isa = XCConfigurationList;
			buildConfigurations = (
				100000000000000000000080 /* Debug */,
				100000000000000000000081 /* Release */,
			);
			defaultConfigurationIsVisible = 0;
			defaultConfigurationName = Release;
		};
		100000000000000000000091 /* Build configuration list for PBXProject "AidokuLegacy" */ = {
			isa = XCConfigurationList;
			buildConfigurations = (
				100000000000000000000070 /* Debug */,
				100000000000000000000071 /* Release */,
			);
			defaultConfigurationIsVisible = 0;
			defaultConfigurationName = Release;
		};
/* End XCConfigurationList section */

/* Begin XCLocalSwiftPackageReference section */
		1000000000000000000000A5 /* XCLocalSwiftPackageReference "Wasm3Legacy" */ = {
			isa = XCLocalSwiftPackageReference;
			relativePath = Packages/Wasm3Legacy;
		};
/* End XCLocalSwiftPackageReference section */

/* Begin XCRemoteSwiftPackageReference section */
		1000000000000000000000A1 /* XCRemoteSwiftPackageReference "ZIPFoundation" */ = {
			isa = XCRemoteSwiftPackageReference;
			repositoryURL = "https://github.com/weichsel/ZIPFoundation.git";
			requirement = {
				kind = exactVersion;
				version = 0.9.19;
			};
		};
		1000000000000000000000A3 /* XCRemoteSwiftPackageReference "SwiftSoup" */ = {
			isa = XCRemoteSwiftPackageReference;
			repositoryURL = "https://github.com/scinfu/SwiftSoup";
			requirement = {
				kind = exactVersion;
				version = 2.6.1;
			};
		};
		1000000000000000000000B1 /* XCRemoteSwiftPackageReference "SDWebImage" */ = {
			isa = XCRemoteSwiftPackageReference;
			repositoryURL = "https://github.com/SDWebImage/SDWebImage.git";
			requirement = {
				kind = exactVersion;
				version = 5.21.7;
			};
		};
		1000000000000000000000B3 /* XCRemoteSwiftPackageReference "SDWebImageWebPCoder" */ = {
			isa = XCRemoteSwiftPackageReference;
			repositoryURL = "https://github.com/SDWebImage/SDWebImageWebPCoder.git";
			requirement = {
				kind = exactVersion;
				version = 0.15.0;
			};
		};
		1000000000000000000000B5 /* XCRemoteSwiftPackageReference "avif.swift" */ = {
			isa = XCRemoteSwiftPackageReference;
			repositoryURL = "https://github.com/awxkee/avif.swift.git";
			requirement = {
				kind = exactVersion;
				version = 1.1.7;
			};
		};
/* End XCRemoteSwiftPackageReference section */

/* Begin XCSwiftPackageProductDependency section */
		1000000000000000000000A0 /* ZIPFoundation */ = {
			isa = XCSwiftPackageProductDependency;
			package = 1000000000000000000000A1 /* XCRemoteSwiftPackageReference "ZIPFoundation" */;
			productName = ZIPFoundation;
		};
		1000000000000000000000A2 /* SwiftSoup */ = {
			isa = XCSwiftPackageProductDependency;
			package = 1000000000000000000000A3 /* XCRemoteSwiftPackageReference "SwiftSoup" */;
			productName = SwiftSoup;
		};
		1000000000000000000000A4 /* Wasm3Legacy */ = {
			isa = XCSwiftPackageProductDependency;
			package = 1000000000000000000000A5 /* XCLocalSwiftPackageReference "Wasm3Legacy" */;
			productName = Wasm3Legacy;
		};
		1000000000000000000000B0 /* SDWebImage */ = {
			isa = XCSwiftPackageProductDependency;
			package = 1000000000000000000000B1 /* XCRemoteSwiftPackageReference "SDWebImage" */;
			productName = SDWebImage;
		};
		1000000000000000000000B2 /* SDWebImageWebPCoder */ = {
			isa = XCSwiftPackageProductDependency;
			package = 1000000000000000000000B3 /* XCRemoteSwiftPackageReference "SDWebImageWebPCoder" */;
			productName = SDWebImageWebPCoder;
		};
		1000000000000000000000B4 /* avif */ = {
			isa = XCSwiftPackageProductDependency;
			package = 1000000000000000000000B5 /* XCRemoteSwiftPackageReference "avif.swift" */;
			productName = avif;
		};
/* End XCSwiftPackageProductDependency section */
	};
	rootObject = 100000000000000000000060 /* Project object */;
}
